
Microsoft Visual Studio Solution File, Format Version 12.00
# Visual Studio 15
VisualStudioVersion = 15.0.27703.2026
MinimumVisualStudioVersion = 10.0.40219.1
Project("{FAE04EC0-301F-11D3-BF4B-00C04F79EFBC}") = "RPG4", "RPG4\RPG4.csproj", "{C92D6EC2-14BA-4C20-AA70-45D04AA2C625}"
EndProject
Project("{FAE04EC0-301F-11D3-BF4B-00C04F79EFBC}") = "RpeggiatorScreenEditor", "RpeggiatorScreenEditor\RpeggiatorScreenEditor.csproj", "{94379C80-6361-4FAD-9C94-FB4D57686C17}"
EndProject
Project("{FAE04EC0-301F-11D3-BF4B-00C04F79EFBC}") = "RpeggiatorLib", "RpeggiatorLib\RpeggiatorLib.csproj", "{5A088996-27F1-4A63-941A-5A14B67D6111}"
EndProject
Global
	GlobalSection(SolutionConfigurationPlatforms) = preSolution
		Debug|Any CPU = Debug|Any CPU
		Release|Any CPU = Release|Any CPU
	EndGlobalSection
	GlobalSection(ProjectConfigurationPlatforms) = postSolution
		{C92D6EC2-14BA-4C20-AA70-45D04AA2C625}.Debug|Any CPU.ActiveCfg = Debug|Any CPU
		{C92D6EC2-14BA-4C20-AA70-45D04AA2C625}.Debug|Any CPU.Build.0 = Debug|Any CPU
		{C92D6EC2-14BA-4C20-AA70-45D04AA2C625}.Release|Any CPU.ActiveCfg = Release|Any CPU
		{C92D6EC2-14BA-4C20-AA70-45D04AA2C625}.Release|Any CPU.Build.0 = Release|Any CPU
		{94379C80-6361-4FAD-9C94-FB4D57686C17}.Debug|Any CPU.ActiveCfg = Debug|Any CPU
		{94379C80-6361-4FAD-9C94-FB4D57686C17}.Debug|Any CPU.Build.0 = Debug|Any CPU
		{94379C80-6361-4FAD-9C94-FB4D57686C17}.Release|Any CPU.ActiveCfg = Release|Any CPU
		{94379C80-6361-4FAD-9C94-FB4D57686C17}.Release|Any CPU.Build.0 = Release|Any CPU
		{5A088996-27F1-4A63-941A-5A14B67D6111}.Debug|Any CPU.ActiveCfg = Debug|Any CPU
		{5A088996-27F1-4A63-941A-5A14B67D6111}.Debug|Any CPU.Build.0 = Debug|Any CPU
		{5A088996-27F1-4A63-941A-5A14B67D6111}.Release|Any CPU.ActiveCfg = Release|Any CPU
		{5A088996-27F1-4A63-941A-5A14B67D6111}.Release|Any CPU.Build.0 = Release|Any CPU
	EndGlobalSection
	GlobalSection(SolutionProperties) = preSolution
		HideSolutionNode = FALSE
	EndGlobalSection
	GlobalSection(ExtensibilityGlobals) = postSolution
		SolutionGuid = {E39D0E1D-322F-430C-8FE1-8D1465ED9A06}
	EndGlobalSection
EndGlobal
