
Microsoft Visual Studio Solution File, Format Version 12.00
# Visual Studio 15
VisualStudioVersion = 15.0.27703.2026
MinimumVisualStudioVersion = 10.0.40219.1
Project("{FAE04EC0-301F-11D3-BF4B-00C04F79EFBC}") = "RPG4", "RPG4\RPG4.csproj", "{C92D6EC2-14BA-4C20-AA70-45D04AA2C625}"
EndProject
Project("{FAE04EC0-301F-11D3-BF4B-00C04F79EFBC}") = "RpeggiatorScreenEditor", "RpeggiatorScreenEditor\RpeggiatorScreenEditor.csproj", "{94379C80-6361-4FAD-9C94-FB4D57686C17}"
EndProject
Project("{FAE04EC0-301F-11D3-BF4B-00C04F79EFBC}") = "RpeggiatorLib", "RpeggiatorLib\RpeggiatorLib.csproj", "{5A088996-27F1-4A63-941A-5A14B67D6111}"
EndProject
Project("{2150E333-8FDC-42A3-9474-1A3956D46DE8}") = "Resources", "Resources", "{CCDED375-EBCD-42C1-8FAB-DB17A6AE742A}"
EndProject
Project("{2150E333-8FDC-42A3-9474-1A3956D46DE8}") = "Images", "Images", "{BC70DD2F-FCCB-4335-92D3-1AA21115CA36}"
	ProjectSection(SolutionItems) = preProject
		Resources\Images\Arrow.png = Resources\Images\Arrow.png
		Resources\Images\Bomb.png = Resources\Images\Bomb.png
		Resources\Images\Bow.png = Resources\Images\Bow.png
		Resources\Images\Chest.png = Resources\Images\Chest.png
		Resources\Images\Coin.png = Resources\Images\Coin.png
		Resources\Images\Door.png = Resources\Images\Door.png
		Resources\Images\DoorLocked.png = Resources\Images\DoorLocked.png
		Resources\Images\Enemy.png = Resources\Images\Enemy.png
		Resources\Images\Keyring.png = Resources\Images\Keyring.png
		Resources\Images\Lamp.png = Resources\Images\Lamp.png
		Resources\Images\LifePotionLarge.png = Resources\Images\LifePotionLarge.png
		Resources\Images\LifePotionMedium.png = Resources\Images\LifePotionMedium.png
		Resources\Images\LifePotionSmall.png = Resources\Images\LifePotionSmall.png
		Resources\Images\OpenChest.png = Resources\Images\OpenChest.png
		Resources\Images\Pit.png = Resources\Images\Pit.png
		Resources\Images\Player.png = Resources\Images\Player.png
		Resources\Images\PlayerRecovery.png = Resources\Images\PlayerRecovery.png
		Resources\Images\Sword.png = Resources\Images\Sword.png
		Resources\Images\Tree.png = Resources\Images\Tree.png
		Resources\Images\TriggerOff.png = Resources\Images\TriggerOff.png
		Resources\Images\TriggerOn.png = Resources\Images\TriggerOn.png
	EndProjectSection
EndProject
Global
	GlobalSection(SolutionConfigurationPlatforms) = preSolution
		Debug|Any CPU = Debug|Any CPU
		Debug|x64 = Debug|x64
		Release|Any CPU = Release|Any CPU
		Release|x64 = Release|x64
	EndGlobalSection
	GlobalSection(ProjectConfigurationPlatforms) = postSolution
		{C92D6EC2-14BA-4C20-AA70-45D04AA2C625}.Debug|Any CPU.ActiveCfg = Debug|Any CPU
		{C92D6EC2-14BA-4C20-AA70-45D04AA2C625}.Debug|Any CPU.Build.0 = Debug|Any CPU
		{C92D6EC2-14BA-4C20-AA70-45D04AA2C625}.Debug|x64.ActiveCfg = Debug|x64
		{C92D6EC2-14BA-4C20-AA70-45D04AA2C625}.Debug|x64.Build.0 = Debug|x64
		{C92D6EC2-14BA-4C20-AA70-45D04AA2C625}.Release|Any CPU.ActiveCfg = Release|Any CPU
		{C92D6EC2-14BA-4C20-AA70-45D04AA2C625}.Release|Any CPU.Build.0 = Release|Any CPU
		{C92D6EC2-14BA-4C20-AA70-45D04AA2C625}.Release|x64.ActiveCfg = Release|x64
		{C92D6EC2-14BA-4C20-AA70-45D04AA2C625}.Release|x64.Build.0 = Release|x64
		{94379C80-6361-4FAD-9C94-FB4D57686C17}.Debug|Any CPU.ActiveCfg = Debug|Any CPU
		{94379C80-6361-4FAD-9C94-FB4D57686C17}.Debug|Any CPU.Build.0 = Debug|Any CPU
		{94379C80-6361-4FAD-9C94-FB4D57686C17}.Debug|x64.ActiveCfg = Debug|Any CPU
		{94379C80-6361-4FAD-9C94-FB4D57686C17}.Release|Any CPU.ActiveCfg = Release|Any CPU
		{94379C80-6361-4FAD-9C94-FB4D57686C17}.Release|Any CPU.Build.0 = Release|Any CPU
		{94379C80-6361-4FAD-9C94-FB4D57686C17}.Release|x64.ActiveCfg = Release|Any CPU
		{5A088996-27F1-4A63-941A-5A14B67D6111}.Debug|Any CPU.ActiveCfg = Debug|Any CPU
		{5A088996-27F1-4A63-941A-5A14B67D6111}.Debug|Any CPU.Build.0 = Debug|Any CPU
		{5A088996-27F1-4A63-941A-5A14B67D6111}.Debug|x64.ActiveCfg = Debug|x64
		{5A088996-27F1-4A63-941A-5A14B67D6111}.Debug|x64.Build.0 = Debug|x64
		{5A088996-27F1-4A63-941A-5A14B67D6111}.Release|Any CPU.ActiveCfg = Release|Any CPU
		{5A088996-27F1-4A63-941A-5A14B67D6111}.Release|Any CPU.Build.0 = Release|Any CPU
		{5A088996-27F1-4A63-941A-5A14B67D6111}.Release|x64.ActiveCfg = Release|x64
		{5A088996-27F1-4A63-941A-5A14B67D6111}.Release|x64.Build.0 = Release|x64
	EndGlobalSection
	GlobalSection(SolutionProperties) = preSolution
		HideSolutionNode = FALSE
	EndGlobalSection
	GlobalSection(NestedProjects) = preSolution
		{BC70DD2F-FCCB-4335-92D3-1AA21115CA36} = {CCDED375-EBCD-42C1-8FAB-DB17A6AE742A}
	EndGlobalSection
	GlobalSection(ExtensibilityGlobals) = postSolution
		SolutionGuid = {E39D0E1D-322F-430C-8FE1-8D1465ED9A06}
	EndGlobalSection
EndGlobal
